
Microsoft Visual Studio Solution File, Format Version 12.00
# Visual Studio Version 17
VisualStudioVersion = 17.4.33122.133
MinimumVisualStudioVersion = 10.0.40219.1
Project("{FAE04EC0-301F-11D3-BF4B-00C04F79EFBC}") = "HospitalManagementSystem", "WindowsFormsApp1\HospitalManagementSystem.csproj", "{5CB3FBEA-BDC8-4E67-A841-5BFD7DC6422A}"
EndProject
Global
	GlobalSection(SolutionConfigurationPlatforms) = preSolution
		Debug|Any CPU = Debug|Any CPU
		Release|Any CPU = Release|Any CPU
	EndGlobalSection
	GlobalSection(ProjectConfigurationPlatforms) = postSolution
		{5CB3FBEA-BDC8-4E67-A841-5BFD7DC6422A}.Debug|Any CPU.ActiveCfg = Debug|Any CPU
		{5CB3FBEA-BDC8-4E67-A841-5BFD7DC6422A}.Debug|Any CPU.Build.0 = Debug|Any CPU
		{5CB3FBEA-BDC8-4E67-A841-5BFD7DC6422A}.Release|Any CPU.ActiveCfg = Release|Any CPU
		{5CB3FBEA-BDC8-4E67-A841-5BFD7DC6422A}.Release|Any CPU.Build.0 = Release|Any CPU
	EndGlobalSection
	GlobalSection(SolutionProperties) = preSolution
		HideSolutionNode = FALSE
	EndGlobalSection
	GlobalSection(ExtensibilityGlobals) = postSolution
		SolutionGuid = {2F02EED7-48FB-4AD1-9A98-4311C97E09A6}
	EndGlobalSection
EndGlobal
